
Microsoft Visual Studio Solution File, Format Version 12.00
# Visual Studio 15
VisualStudioVersion = 15.0.27703.2000
MinimumVisualStudioVersion = 10.0.40219.1
Project("{FAE04EC0-301F-11D3-BF4B-00C04F79EFBC}") = "DocSign", "DocSign\DocSign.csproj", "{E3F109E1-4747-41C5-BBFB-23EE1ABDE49E}"
EndProject
Global
	GlobalSection(SolutionConfigurationPlatforms) = preSolution
		Debug|Any CPU = Debug|Any CPU
		Release|Any CPU = Release|Any CPU
	EndGlobalSection
	GlobalSection(ProjectConfigurationPlatforms) = postSolution
		{E3F109E1-4747-41C5-BBFB-23EE1ABDE49E}.Debug|Any CPU.ActiveCfg = Debug|Any CPU
		{E3F109E1-4747-41C5-BBFB-23EE1ABDE49E}.Debug|Any CPU.Build.0 = Debug|Any CPU
		{E3F109E1-4747-41C5-BBFB-23EE1ABDE49E}.Release|Any CPU.ActiveCfg = Release|Any CPU
		{E3F109E1-4747-41C5-BBFB-23EE1ABDE49E}.Release|Any CPU.Build.0 = Release|Any CPU
	EndGlobalSection
	GlobalSection(SolutionProperties) = preSolution
		HideSolutionNode = FALSE
	EndGlobalSection
	GlobalSection(ExtensibilityGlobals) = postSolution
		SolutionGuid = {5BDE92AF-1933-4784-9D6E-F118EDF25F2E}
	EndGlobalSection
EndGlobal
